// !$*UTF8*$!
{
	archiveVersion = 1;
	classes = {
	};
	objectVersion = 46;
	objects = {

/* Begin PBXBuildFile section */
		2705B18D1CDBE8D700E30BED /* MTBBarcode.h in Headers */ = {isa = PBXBuildFile; fileRef = 2705B18C1CDBE8D700E30BED /* MTBBarcode.h */; };
		2763D16B1A01432B0001EA05 /* LaunchScreen.xib in Resources */ = {isa = PBXBuildFile; fileRef = 2763D1691A01432B0001EA05 /* LaunchScreen.xib */; };
		27C265E318A9B85E008E2A33 /* QuartzCore.framework in Frameworks */ = {isa = PBXBuildFile; fileRef = 27C265E218A9B85E008E2A33 /* QuartzCore.framework */; };
		27C265EB18A9CDEF008E2A33 /* MTBAdvancedExampleViewController.m in Sources */ = {isa = PBXBuildFile; fileRef = 27C265E818A9CDEF008E2A33 /* MTBAdvancedExampleViewController.m */; };
		27C265EC18A9CDEF008E2A33 /* MTBBasicExampleViewController.m in Sources */ = {isa = PBXBuildFile; fileRef = 27C265EA18A9CDEF008E2A33 /* MTBBasicExampleViewController.m */; };
		27C265EF18A9CDF9008E2A33 /* MTBAppDelegate.m in Sources */ = {isa = PBXBuildFile; fileRef = 27C265EE18A9CDF9008E2A33 /* MTBAppDelegate.m */; };
		27C3BF4218A7140F00C44713 /* Foundation.framework in Frameworks */ = {isa = PBXBuildFile; fileRef = 27C3BF4118A7140F00C44713 /* Foundation.framework */; };
		27C3BF4418A7140F00C44713 /* CoreGraphics.framework in Frameworks */ = {isa = PBXBuildFile; fileRef = 27C3BF4318A7140F00C44713 /* CoreGraphics.framework */; };
		27C3BF4618A7140F00C44713 /* UIKit.framework in Frameworks */ = {isa = PBXBuildFile; fileRef = 27C3BF4518A7140F00C44713 /* UIKit.framework */; };
		27C3BF4C18A7140F00C44713 /* InfoPlist.strings in Resources */ = {isa = PBXBuildFile; fileRef = 27C3BF4A18A7140F00C44713 /* InfoPlist.strings */; };
		27C3BF4E18A7140F00C44713 /* main.m in Sources */ = {isa = PBXBuildFile; fileRef = 27C3BF4D18A7140F00C44713 /* main.m */; };
		27C3BF5518A7140F00C44713 /* Main_iPhone.storyboard in Resources */ = {isa = PBXBuildFile; fileRef = 27C3BF5318A7140F00C44713 /* Main_iPhone.storyboard */; };
		27C3BF5818A7140F00C44713 /* Main_iPad.storyboard in Resources */ = {isa = PBXBuildFile; fileRef = 27C3BF5618A7140F00C44713 /* Main_iPad.storyboard */; };
		27C3BF5D18A7140F00C44713 /* Images.xcassets in Resources */ = {isa = PBXBuildFile; fileRef = 27C3BF5C18A7140F00C44713 /* Images.xcassets */; };
		27C3BF8318A73FE700C44713 /* MTBBarcodeScanner.m in Sources */ = {isa = PBXBuildFile; fileRef = 27C3BF8218A73FE700C44713 /* MTBBarcodeScanner.m */; };
		27C3BF8818A7475100C44713 /* AVFoundation.framework in Frameworks */ = {isa = PBXBuildFile; fileRef = 27C3BF8718A7475100C44713 /* AVFoundation.framework */; };
		27F0CD271DD3853600640B69 /* SwiftExampleViewController.swift in Sources */ = {isa = PBXBuildFile; fileRef = 27F0CD261DD3853600640B69 /* SwiftExampleViewController.swift */; };
		563B26531CD9F96100DE7D8D /* MTBBarcodeScanner.framework in Frameworks */ = {isa = PBXBuildFile; fileRef = 563B264C1CD9F95F00DE7D8D /* MTBBarcodeScanner.framework */; };
		563B26541CD9F96100DE7D8D /* MTBBarcodeScanner.framework in Embed Frameworks */ = {isa = PBXBuildFile; fileRef = 563B264C1CD9F95F00DE7D8D /* MTBBarcodeScanner.framework */; settings = {ATTRIBUTES = (CodeSignOnCopy, RemoveHeadersOnCopy, ); }; };
		563B26591CD9F98400DE7D8D /* MTBBarcodeScanner.h in Headers */ = {isa = PBXBuildFile; fileRef = 27C3BF8118A73FE700C44713 /* MTBBarcodeScanner.h */; settings = {ATTRIBUTES = (Public, ); }; };
		563B265A1CD9F98400DE7D8D /* MTBBarcodeScanner.m in Sources */ = {isa = PBXBuildFile; fileRef = 27C3BF8218A73FE700C44713 /* MTBBarcodeScanner.m */; };
/* End PBXBuildFile section */

/* Begin PBXContainerItemProxy section */
		563B26511CD9F96100DE7D8D /* PBXContainerItemProxy */ = {
			isa = PBXContainerItemProxy;
			containerPortal = 27C3BF3618A7140F00C44713 /* Project object */;
			proxyType = 1;
			remoteGlobalIDString = 563B264B1CD9F95F00DE7D8D;
			remoteInfo = MTBBarcodeScanner;
		};
/* End PBXContainerItemProxy section */

/* Begin PBXCopyFilesBuildPhase section */
		563B26581CD9F96100DE7D8D /* Embed Frameworks */ = {
			isa = PBXCopyFilesBuildPhase;
			buildActionMask = 2147483647;
			dstPath = "";
			dstSubfolderSpec = 10;
			files = (
				563B26541CD9F96100DE7D8D /* MTBBarcodeScanner.framework in Embed Frameworks */,
			);
			name = "Embed Frameworks";
			runOnlyForDeploymentPostprocessing = 0;
		};
/* End PBXCopyFilesBuildPhase section */

/* Begin PBXFileReference section */
		2705B18C1CDBE8D700E30BED /* MTBBarcode.h */ = {isa = PBXFileReference; fileEncoding = 4; lastKnownFileType = sourcecode.c.h; path = MTBBarcode.h; sourceTree = "<group>"; };
		2763D16A1A01432B0001EA05 /* Base */ = {isa = PBXFileReference; lastKnownFileType = file.xib; name = Base; path = Base.lproj/LaunchScreen.xib; sourceTree = "<group>"; };
		27B417E418A8A501004B70AE /* AudioToolbox.framework */ = {isa = PBXFileReference; lastKnownFileType = wrapper.framework; name = AudioToolbox.framework; path = System/Library/Frameworks/AudioToolbox.framework; sourceTree = SDKROOT; };
		27C265E218A9B85E008E2A33 /* QuartzCore.framework */ = {isa = PBXFileReference; lastKnownFileType = wrapper.framework; name = QuartzCore.framework; path = System/Library/Frameworks/QuartzCore.framework; sourceTree = SDKROOT; };
		27C265E718A9CDEF008E2A33 /* MTBAdvancedExampleViewController.h */ = {isa = PBXFileReference; fileEncoding = 4; lastKnownFileType = sourcecode.c.h; name = MTBAdvancedExampleViewController.h; path = Classes/Controllers/MTBAdvancedExampleViewController.h; sourceTree = "<group>"; };
		27C265E818A9CDEF008E2A33 /* MTBAdvancedExampleViewController.m */ = {isa = PBXFileReference; fileEncoding = 4; lastKnownFileType = sourcecode.c.objc; name = MTBAdvancedExampleViewController.m; path = Classes/Controllers/MTBAdvancedExampleViewController.m; sourceTree = "<group>"; };
		27C265E918A9CDEF008E2A33 /* MTBBasicExampleViewController.h */ = {isa = PBXFileReference; fileEncoding = 4; lastKnownFileType = sourcecode.c.h; name = MTBBasicExampleViewController.h; path = Classes/Controllers/MTBBasicExampleViewController.h; sourceTree = "<group>"; };
		27C265EA18A9CDEF008E2A33 /* MTBBasicExampleViewController.m */ = {isa = PBXFileReference; fileEncoding = 4; lastKnownFileType = sourcecode.c.objc; name = MTBBasicExampleViewController.m; path = Classes/Controllers/MTBBasicExampleViewController.m; sourceTree = "<group>"; };
		27C265ED18A9CDF9008E2A33 /* MTBAppDelegate.h */ = {isa = PBXFileReference; fileEncoding = 4; lastKnownFileType = sourcecode.c.h; name = MTBAppDelegate.h; path = Classes/ApplicationDelegate/MTBAppDelegate.h; sourceTree = "<group>"; };
		27C265EE18A9CDF9008E2A33 /* MTBAppDelegate.m */ = {isa = PBXFileReference; fileEncoding = 4; lastKnownFileType = sourcecode.c.objc; name = MTBAppDelegate.m; path = Classes/ApplicationDelegate/MTBAppDelegate.m; sourceTree = "<group>"; };
		27C3BF3E18A7140F00C44713 /* MTBBarcodeScannerExample.app */ = {isa = PBXFileReference; explicitFileType = wrapper.application; includeInIndex = 0; path = MTBBarcodeScannerExample.app; sourceTree = BUILT_PRODUCTS_DIR; };
		27C3BF4118A7140F00C44713 /* Foundation.framework */ = {isa = PBXFileReference; lastKnownFileType = wrapper.framework; name = Foundation.framework; path = System/Library/Frameworks/Foundation.framework; sourceTree = SDKROOT; };
		27C3BF4318A7140F00C44713 /* CoreGraphics.framework */ = {isa = PBXFileReference; lastKnownFileType = wrapper.framework; name = CoreGraphics.framework; path = System/Library/Frameworks/CoreGraphics.framework; sourceTree = SDKROOT; };
		27C3BF4518A7140F00C44713 /* UIKit.framework */ = {isa = PBXFileReference; lastKnownFileType = wrapper.framework; name = UIKit.framework; path = System/Library/Frameworks/UIKit.framework; sourceTree = SDKROOT; };
		27C3BF4918A7140F00C44713 /* MTBBarcodeScannerExample-Info.plist */ = {isa = PBXFileReference; lastKnownFileType = text.plist.xml; path = "MTBBarcodeScannerExample-Info.plist"; sourceTree = "<group>"; };
		27C3BF4B18A7140F00C44713 /* en */ = {isa = PBXFileReference; lastKnownFileType = text.plist.strings; name = en; path = en.lproj/InfoPlist.strings; sourceTree = "<group>"; };
		27C3BF4D18A7140F00C44713 /* main.m */ = {isa = PBXFileReference; lastKnownFileType = sourcecode.c.objc; path = main.m; sourceTree = "<group>"; };
		27C3BF4F18A7140F00C44713 /* MTBBarcodeScannerExample-Prefix.pch */ = {isa = PBXFileReference; lastKnownFileType = sourcecode.c.h; path = "MTBBarcodeScannerExample-Prefix.pch"; sourceTree = "<group>"; };
		27C3BF5418A7140F00C44713 /* Base */ = {isa = PBXFileReference; lastKnownFileType = file.storyboard; name = Base; path = Base.lproj/Main_iPhone.storyboard; sourceTree = "<group>"; };
		27C3BF5718A7140F00C44713 /* Base */ = {isa = PBXFileReference; lastKnownFileType = file.storyboard; name = Base; path = Base.lproj/Main_iPad.storyboard; sourceTree = "<group>"; };
		27C3BF5C18A7140F00C44713 /* Images.xcassets */ = {isa = PBXFileReference; lastKnownFileType = folder.assetcatalog; path = Images.xcassets; sourceTree = "<group>"; };
		27C3BF6318A7140F00C44713 /* XCTest.framework */ = {isa = PBXFileReference; lastKnownFileType = wrapper.framework; name = XCTest.framework; path = Library/Frameworks/XCTest.framework; sourceTree = DEVELOPER_DIR; };
		27C3BF6B18A7140F00C44713 /* MTBBarcodeScannerExampleTests-Info.plist */ = {isa = PBXFileReference; lastKnownFileType = text.plist.xml; path = "MTBBarcodeScannerExampleTests-Info.plist"; sourceTree = "<group>"; };
		27C3BF6D18A7140F00C44713 /* en */ = {isa = PBXFileReference; lastKnownFileType = text.plist.strings; name = en; path = en.lproj/InfoPlist.strings; sourceTree = "<group>"; };
		27C3BF8118A73FE700C44713 /* MTBBarcodeScanner.h */ = {isa = PBXFileReference; fileEncoding = 4; lastKnownFileType = sourcecode.c.h; name = MTBBarcodeScanner.h; path = ../../Classes/ios/Scanners/MTBBarcodeScanner.h; sourceTree = "<group>"; };
		27C3BF8218A73FE700C44713 /* MTBBarcodeScanner.m */ = {isa = PBXFileReference; fileEncoding = 4; lastKnownFileType = sourcecode.c.objc; name = MTBBarcodeScanner.m; path = ../../Classes/ios/Scanners/MTBBarcodeScanner.m; sourceTree = "<group>"; };
		27C3BF8718A7475100C44713 /* AVFoundation.framework */ = {isa = PBXFileReference; lastKnownFileType = wrapper.framework; name = AVFoundation.framework; path = System/Library/Frameworks/AVFoundation.framework; sourceTree = SDKROOT; };
		27F0CD251DD3853500640B69 /* MTBBarcodeScannerExample-Bridging-Header.h */ = {isa = PBXFileReference; lastKnownFileType = sourcecode.c.h; path = "MTBBarcodeScannerExample-Bridging-Header.h"; sourceTree = "<group>"; };
		27F0CD261DD3853600640B69 /* SwiftExampleViewController.swift */ = {isa = PBXFileReference; fileEncoding = 4; lastKnownFileType = sourcecode.swift; name = SwiftExampleViewController.swift; path = Classes/Controllers/SwiftExampleViewController.swift; sourceTree = "<group>"; };
		563B264C1CD9F95F00DE7D8D /* MTBBarcodeScanner.framework */ = {isa = PBXFileReference; explicitFileType = wrapper.framework; includeInIndex = 0; path = MTBBarcodeScanner.framework; sourceTree = BUILT_PRODUCTS_DIR; };
		563B26501CD9F96100DE7D8D /* Info.plist */ = {isa = PBXFileReference; lastKnownFileType = text.plist.xml; path = Info.plist; sourceTree = "<group>"; };
/* End PBXFileReference section */

/* Begin PBXFrameworksBuildPhase section */
		27C3BF3B18A7140F00C44713 /* Frameworks */ = {
			isa = PBXFrameworksBuildPhase;
			buildActionMask = 2147483647;
			files = (
				27C265E318A9B85E008E2A33 /* QuartzCore.framework in Frameworks */,
				27C3BF8818A7475100C44713 /* AVFoundation.framework in Frameworks */,
				563B26531CD9F96100DE7D8D /* MTBBarcodeScanner.framework in Frameworks */,
				27C3BF4418A7140F00C44713 /* CoreGraphics.framework in Frameworks */,
				27C3BF4618A7140F00C44713 /* UIKit.framework in Frameworks */,
				27C3BF4218A7140F00C44713 /* Foundation.framework in Frameworks */,
			);
			runOnlyForDeploymentPostprocessing = 0;
		};
		563B26481CD9F95F00DE7D8D /* Frameworks */ = {
			isa = PBXFrameworksBuildPhase;
			buildActionMask = 2147483647;
			files = (
			);
			runOnlyForDeploymentPostprocessing = 0;
		};
/* End PBXFrameworksBuildPhase section */

/* Begin PBXGroup section */
		27AB3BCA18AB3AD00007A120 /* Classes */ = {
			isa = PBXGroup;
			children = (
				27AB3BCB18AB3AD50007A120 /* Scanners */,
			);
			name = Classes;
			sourceTree = "<group>";
		};
		27AB3BCB18AB3AD50007A120 /* Scanners */ = {
			isa = PBXGroup;
			children = (
			);
			name = Scanners;
			sourceTree = "<group>";
		};
		27C3BF3518A7140F00C44713 = {
			isa = PBXGroup;
			children = (
				27C3BF7D18A7147E00C44713 /* src */,
				27C3BF4718A7140F00C44713 /* MTBBarcodeScannerExample */,
				27C3BF6918A7140F00C44713 /* MTBBarcodeScannerExampleTests */,
				563B264D1CD9F96100DE7D8D /* MTBBarcodeScanner */,
				27C3BF4018A7140F00C44713 /* Frameworks */,
				27C3BF3F18A7140F00C44713 /* Products */,
			);
			sourceTree = "<group>";
		};
		27C3BF3F18A7140F00C44713 /* Products */ = {
			isa = PBXGroup;
			children = (
				27C3BF3E18A7140F00C44713 /* MTBBarcodeScannerExample.app */,
				563B264C1CD9F95F00DE7D8D /* MTBBarcodeScanner.framework */,
			);
			name = Products;
			sourceTree = "<group>";
		};
		27C3BF4018A7140F00C44713 /* Frameworks */ = {
			isa = PBXGroup;
			children = (
				27C265E218A9B85E008E2A33 /* QuartzCore.framework */,
				27B417E418A8A501004B70AE /* AudioToolbox.framework */,
				27C3BF8718A7475100C44713 /* AVFoundation.framework */,
				27C3BF4118A7140F00C44713 /* Foundation.framework */,
				27C3BF4318A7140F00C44713 /* CoreGraphics.framework */,
				27C3BF4518A7140F00C44713 /* UIKit.framework */,
				27C3BF6318A7140F00C44713 /* XCTest.framework */,
			);
			name = Frameworks;
			sourceTree = "<group>";
		};
		27C3BF4718A7140F00C44713 /* MTBBarcodeScannerExample */ = {
			isa = PBXGroup;
			children = (
				27C3BF7A18A7142900C44713 /* Classes */,
				27C3BF5318A7140F00C44713 /* Main_iPhone.storyboard */,
				27C3BF5618A7140F00C44713 /* Main_iPad.storyboard */,
				27C3BF5C18A7140F00C44713 /* Images.xcassets */,
				27C3BF4818A7140F00C44713 /* Supporting Files */,
				2763D1691A01432B0001EA05 /* LaunchScreen.xib */,
			);
			path = MTBBarcodeScannerExample;
			sourceTree = "<group>";
		};
		27C3BF4818A7140F00C44713 /* Supporting Files */ = {
			isa = PBXGroup;
			children = (
				27C3BF4918A7140F00C44713 /* MTBBarcodeScannerExample-Info.plist */,
				27C3BF4A18A7140F00C44713 /* InfoPlist.strings */,
				27C3BF4D18A7140F00C44713 /* main.m */,
				27C3BF4F18A7140F00C44713 /* MTBBarcodeScannerExample-Prefix.pch */,
			);
			name = "Supporting Files";
			sourceTree = "<group>";
		};
		27C3BF6918A7140F00C44713 /* MTBBarcodeScannerExampleTests */ = {
			isa = PBXGroup;
			children = (
				27AB3BCA18AB3AD00007A120 /* Classes */,
				27C3BF6A18A7140F00C44713 /* Supporting Files */,
			);
			path = MTBBarcodeScannerExampleTests;
			sourceTree = "<group>";
		};
		27C3BF6A18A7140F00C44713 /* Supporting Files */ = {
			isa = PBXGroup;
			children = (
				27C3BF6B18A7140F00C44713 /* MTBBarcodeScannerExampleTests-Info.plist */,
				27C3BF6C18A7140F00C44713 /* InfoPlist.strings */,
			);
			name = "Supporting Files";
			sourceTree = "<group>";
		};
		27C3BF7A18A7142900C44713 /* Classes */ = {
			isa = PBXGroup;
			children = (
				27C3BF7C18A7147700C44713 /* Controllers */,
				27C3BF7B18A7146D00C44713 /* Application Delegate */,
			);
			name = Classes;
			sourceTree = "<group>";
		};
		27C3BF7B18A7146D00C44713 /* Application Delegate */ = {
			isa = PBXGroup;
			children = (
				27C265ED18A9CDF9008E2A33 /* MTBAppDelegate.h */,
				27C265EE18A9CDF9008E2A33 /* MTBAppDelegate.m */,
			);
			name = "Application Delegate";
			sourceTree = "<group>";
		};
		27C3BF7C18A7147700C44713 /* Controllers */ = {
			isa = PBXGroup;
			children = (
				27C265E918A9CDEF008E2A33 /* MTBBasicExampleViewController.h */,
				27C265EA18A9CDEF008E2A33 /* MTBBasicExampleViewController.m */,
				27C265E718A9CDEF008E2A33 /* MTBAdvancedExampleViewController.h */,
				27C265E818A9CDEF008E2A33 /* MTBAdvancedExampleViewController.m */,
				27F0CD261DD3853600640B69 /* SwiftExampleViewController.swift */,
				27F0CD251DD3853500640B69 /* MTBBarcodeScannerExample-Bridging-Header.h */,
			);
			name = Controllers;
			sourceTree = "<group>";
		};
		27C3BF7D18A7147E00C44713 /* src */ = {
			isa = PBXGroup;
			children = (
				27C3BF7E18A716E000C44713 /* Classes */,
			);
			name = src;
			path = MTBBarcodeScannerExample;
			sourceTree = "<group>";
		};
		27C3BF7E18A716E000C44713 /* Classes */ = {
			isa = PBXGroup;
			children = (
				27C3BF8018A719AE00C44713 /* Scanners */,
			);
			name = Classes;
			sourceTree = "<group>";
		};
		27C3BF8018A719AE00C44713 /* Scanners */ = {
			isa = PBXGroup;
			children = (
				27C3BF8118A73FE700C44713 /* MTBBarcodeScanner.h */,
				27C3BF8218A73FE700C44713 /* MTBBarcodeScanner.m */,
			);
			name = Scanners;
			sourceTree = "<group>";
		};
		563B264D1CD9F96100DE7D8D /* MTBBarcodeScanner */ = {
			isa = PBXGroup;
			children = (
				2705B18C1CDBE8D700E30BED /* MTBBarcode.h */,
				563B26501CD9F96100DE7D8D /* Info.plist */,
			);
			path = MTBBarcodeScanner;
			sourceTree = "<group>";
		};
/* End PBXGroup section */

/* Begin PBXHeadersBuildPhase section */
		563B26491CD9F95F00DE7D8D /* Headers */ = {
			isa = PBXHeadersBuildPhase;
			buildActionMask = 2147483647;
			files = (
				563B26591CD9F98400DE7D8D /* MTBBarcodeScanner.h in Headers */,
				2705B18D1CDBE8D700E30BED /* MTBBarcode.h in Headers */,
			);
			runOnlyForDeploymentPostprocessing = 0;
		};
/* End PBXHeadersBuildPhase section */

/* Begin PBXNativeTarget section */
		27C3BF3D18A7140F00C44713 /* MTBBarcodeScannerExample */ = {
			isa = PBXNativeTarget;
			buildConfigurationList = 27C3BF7318A7140F00C44713 /* Build configuration list for PBXNativeTarget "MTBBarcodeScannerExample" */;
			buildPhases = (
				27C3BF3A18A7140F00C44713 /* Sources */,
				27C3BF3B18A7140F00C44713 /* Frameworks */,
				27C3BF3C18A7140F00C44713 /* Resources */,
				563B26581CD9F96100DE7D8D /* Embed Frameworks */,
			);
			buildRules = (
			);
			dependencies = (
				563B26521CD9F96100DE7D8D /* PBXTargetDependency */,
			);
			name = MTBBarcodeScannerExample;
			productName = MTBBarcodeScannerExample;
			productReference = 27C3BF3E18A7140F00C44713 /* MTBBarcodeScannerExample.app */;
			productType = "com.apple.product-type.application";
		};
		563B264B1CD9F95F00DE7D8D /* MTBBarcodeScanner */ = {
			isa = PBXNativeTarget;
			buildConfigurationList = 563B26571CD9F96100DE7D8D /* Build configuration list for PBXNativeTarget "MTBBarcodeScanner" */;
			buildPhases = (
				563B26471CD9F95F00DE7D8D /* Sources */,
				563B26481CD9F95F00DE7D8D /* Frameworks */,
				563B26491CD9F95F00DE7D8D /* Headers */,
				563B264A1CD9F95F00DE7D8D /* Resources */,
			);
			buildRules = (
			);
			dependencies = (
			);
			name = MTBBarcodeScanner;
			productName = MTBBarcodeScanner;
			productReference = 563B264C1CD9F95F00DE7D8D /* MTBBarcodeScanner.framework */;
			productType = "com.apple.product-type.framework";
		};
/* End PBXNativeTarget section */

/* Begin PBXProject section */
		27C3BF3618A7140F00C44713 /* Project object */ = {
			isa = PBXProject;
			attributes = {
				CLASSPREFIX = MTB;
				LastUpgradeCheck = 1010;
				TargetAttributes = {
					27C3BF3D18A7140F00C44713 = {
						DevelopmentTeam = K83F2KZFM9;
						LastSwiftMigration = 1010;
					};
					563B264B1CD9F95F00DE7D8D = {
						CreatedOnToolsVersion = 7.3;
					};
				};
			};
			buildConfigurationList = 27C3BF3918A7140F00C44713 /* Build configuration list for PBXProject "MTBBarcodeScannerExample" */;
			compatibilityVersion = "Xcode 3.2";
			developmentRegion = English;
			hasScannedForEncodings = 0;
			knownRegions = (
				English,
				en,
				Base,
			);
			mainGroup = 27C3BF3518A7140F00C44713;
			productRefGroup = 27C3BF3F18A7140F00C44713 /* Products */;
			projectDirPath = "";
			projectRoot = "";
			targets = (
				27C3BF3D18A7140F00C44713 /* MTBBarcodeScannerExample */,
				563B264B1CD9F95F00DE7D8D /* MTBBarcodeScanner */,
			);
		};
/* End PBXProject section */

/* Begin PBXResourcesBuildPhase section */
		27C3BF3C18A7140F00C44713 /* Resources */ = {
			isa = PBXResourcesBuildPhase;
			buildActionMask = 2147483647;
			files = (
				2763D16B1A01432B0001EA05 /* LaunchScreen.xib in Resources */,
				27C3BF5818A7140F00C44713 /* Main_iPad.storyboard in Resources */,
				27C3BF5D18A7140F00C44713 /* Images.xcassets in Resources */,
				27C3BF5518A7140F00C44713 /* Main_iPhone.storyboard in Resources */,
				27C3BF4C18A7140F00C44713 /* InfoPlist.strings in Resources */,
			);
			runOnlyForDeploymentPostprocessing = 0;
		};
		563B264A1CD9F95F00DE7D8D /* Resources */ = {
			isa = PBXResourcesBuildPhase;
			buildActionMask = 2147483647;
			files = (
			);
			runOnlyForDeploymentPostprocessing = 0;
		};
/* End PBXResourcesBuildPhase section */

/* Begin PBXSourcesBuildPhase section */
		27C3BF3A18A7140F00C44713 /* Sources */ = {
			isa = PBXSourcesBuildPhase;
			buildActionMask = 2147483647;
			files = (
				27C265EC18A9CDEF008E2A33 /* MTBBasicExampleViewController.m in Sources */,
				27C265EF18A9CDF9008E2A33 /* MTBAppDelegate.m in Sources */,
				27C265EB18A9CDEF008E2A33 /* MTBAdvancedExampleViewController.m in Sources */,
				27F0CD271DD3853600640B69 /* SwiftExampleViewController.swift in Sources */,
				27C3BF4E18A7140F00C44713 /* main.m in Sources */,
				27C3BF8318A73FE700C44713 /* MTBBarcodeScanner.m in Sources */,
			);
			runOnlyForDeploymentPostprocessing = 0;
		};
		563B26471CD9F95F00DE7D8D /* Sources */ = {
			isa = PBXSourcesBuildPhase;
			buildActionMask = 2147483647;
			files = (
				563B265A1CD9F98400DE7D8D /* MTBBarcodeScanner.m in Sources */,
			);
			runOnlyForDeploymentPostprocessing = 0;
		};
/* End PBXSourcesBuildPhase section */

/* Begin PBXTargetDependency section */
		563B26521CD9F96100DE7D8D /* PBXTargetDependency */ = {
			isa = PBXTargetDependency;
			target = 563B264B1CD9F95F00DE7D8D /* MTBBarcodeScanner */;
			targetProxy = 563B26511CD9F96100DE7D8D /* PBXContainerItemProxy */;
		};
/* End PBXTargetDependency section */

/* Begin PBXVariantGroup section */
		2763D1691A01432B0001EA05 /* LaunchScreen.xib */ = {
			isa = PBXVariantGroup;
			children = (
				2763D16A1A01432B0001EA05 /* Base */,
			);
			name = LaunchScreen.xib;
			sourceTree = "<group>";
		};
		27C3BF4A18A7140F00C44713 /* InfoPlist.strings */ = {
			isa = PBXVariantGroup;
			children = (
				27C3BF4B18A7140F00C44713 /* en */,
			);
			name = InfoPlist.strings;
			sourceTree = "<group>";
		};
		27C3BF5318A7140F00C44713 /* Main_iPhone.storyboard */ = {
			isa = PBXVariantGroup;
			children = (
				27C3BF5418A7140F00C44713 /* Base */,
			);
			name = Main_iPhone.storyboard;
			sourceTree = "<group>";
		};
		27C3BF5618A7140F00C44713 /* Main_iPad.storyboard */ = {
			isa = PBXVariantGroup;
			children = (
				27C3BF5718A7140F00C44713 /* Base */,
			);
			name = Main_iPad.storyboard;
			sourceTree = "<group>";
		};
		27C3BF6C18A7140F00C44713 /* InfoPlist.strings */ = {
			isa = PBXVariantGroup;
			children = (
				27C3BF6D18A7140F00C44713 /* en */,
			);
			name = InfoPlist.strings;
			sourceTree = "<group>";
		};
/* End PBXVariantGroup section */

/* Begin XCBuildConfiguration section */
		27C3BF7118A7140F00C44713 /* Debug */ = {
			isa = XCBuildConfiguration;
			buildSettings = {
				ALWAYS_SEARCH_USER_PATHS = NO;
				CLANG_CXX_LANGUAGE_STANDARD = "gnu++0x";
				CLANG_CXX_LIBRARY = "libc++";
				CLANG_ENABLE_MODULES = YES;
				CLANG_ENABLE_OBJC_ARC = YES;
				CLANG_WARN_BLOCK_CAPTURE_AUTORELEASING = YES;
				CLANG_WARN_BOOL_CONVERSION = YES;
				CLANG_WARN_COMMA = YES;
				CLANG_WARN_CONSTANT_CONVERSION = YES;
				CLANG_WARN_DEPRECATED_OBJC_IMPLEMENTATIONS = YES;
				CLANG_WARN_DIRECT_OBJC_ISA_USAGE = YES_ERROR;
				CLANG_WARN_DOCUMENTATION_COMMENTS = YES;
				CLANG_WARN_EMPTY_BODY = YES;
				CLANG_WARN_ENUM_CONVERSION = YES;
				CLANG_WARN_INFINITE_RECURSION = YES;
				CLANG_WARN_INT_CONVERSION = YES;
				CLANG_WARN_NON_LITERAL_NULL_CONVERSION = YES;
				CLANG_WARN_OBJC_IMPLICIT_RETAIN_SELF = YES;
				CLANG_WARN_OBJC_LITERAL_CONVERSION = YES;
				CLANG_WARN_OBJC_ROOT_CLASS = YES_ERROR;
				CLANG_WARN_RANGE_LOOP_ANALYSIS = YES;
				CLANG_WARN_STRICT_PROTOTYPES = YES;
				CLANG_WARN_SUSPICIOUS_MOVE = YES;
				CLANG_WARN_UNREACHABLE_CODE = YES;
				CLANG_WARN__DUPLICATE_METHOD_MATCH = YES;
				"CODE_SIGN_IDENTITY[sdk=iphoneos*]" = "iPhone Developer";
				COPY_PHASE_STRIP = NO;
				ENABLE_STRICT_OBJC_MSGSEND = YES;
				ENABLE_TESTABILITY = YES;
				GCC_C_LANGUAGE_STANDARD = gnu99;
				GCC_DYNAMIC_NO_PIC = NO;
				GCC_NO_COMMON_BLOCKS = YES;
				GCC_OPTIMIZATION_LEVEL = 0;
				GCC_PREPROCESSOR_DEFINITIONS = (
					"DEBUG=1",
					"$(inherited)",
				);
				GCC_SYMBOLS_PRIVATE_EXTERN = NO;
				GCC_WARN_64_TO_32_BIT_CONVERSION = YES;
				GCC_WARN_ABOUT_RETURN_TYPE = YES_ERROR;
				GCC_WARN_UNDECLARED_SELECTOR = YES;
				GCC_WARN_UNINITIALIZED_AUTOS = YES;
				GCC_WARN_UNUSED_FUNCTION = YES;
				GCC_WARN_UNUSED_VARIABLE = YES;
				IPHONEOS_DEPLOYMENT_TARGET = 8.0;
				ONLY_ACTIVE_ARCH = YES;
				SDKROOT = iphoneos;
				SWIFT_SWIFT3_OBJC_INFERENCE = On;
				TARGETED_DEVICE_FAMILY = "1,2";
			};
			name = Debug;
		};
		27C3BF7218A7140F00C44713 /* Release */ = {
			isa = XCBuildConfiguration;
			buildSettings = {
				ALWAYS_SEARCH_USER_PATHS = NO;
				CLANG_CXX_LANGUAGE_STANDARD = "gnu++0x";
				CLANG_CXX_LIBRARY = "libc++";
				CLANG_ENABLE_MODULES = YES;
				CLANG_ENABLE_OBJC_ARC = YES;
				CLANG_WARN_BLOCK_CAPTURE_AUTORELEASING = YES;
				CLANG_WARN_BOOL_CONVERSION = YES;
				CLANG_WARN_COMMA = YES;
				CLANG_WARN_CONSTANT_CONVERSION = YES;
				CLANG_WARN_DEPRECATED_OBJC_IMPLEMENTATIONS = YES;
				CLANG_WARN_DIRECT_OBJC_ISA_USAGE = YES_ERROR;
				CLANG_WARN_DOCUMENTATION_COMMENTS = YES;
				CLANG_WARN_EMPTY_BODY = YES;
				CLANG_WARN_ENUM_CONVERSION = YES;
				CLANG_WARN_INFINITE_RECURSION = YES;
				CLANG_WARN_INT_CONVERSION = YES;
				CLANG_WARN_NON_LITERAL_NULL_CONVERSION = YES;
				CLANG_WARN_OBJC_IMPLICIT_RETAIN_SELF = YES;
				CLANG_WARN_OBJC_LITERAL_CONVERSION = YES;
				CLANG_WARN_OBJC_ROOT_CLASS = YES_ERROR;
				CLANG_WARN_RANGE_LOOP_ANALYSIS = YES;
				CLANG_WARN_STRICT_PROTOTYPES = YES;
				CLANG_WARN_SUSPICIOUS_MOVE = YES;
				CLANG_WARN_UNREACHABLE_CODE = YES;
				CLANG_WARN__DUPLICATE_METHOD_MATCH = YES;
				"CODE_SIGN_IDENTITY[sdk=iphoneos*]" = "iPhone Developer";
				COPY_PHASE_STRIP = YES;
				ENABLE_NS_ASSERTIONS = NO;
				ENABLE_STRICT_OBJC_MSGSEND = YES;
				GCC_C_LANGUAGE_STANDARD = gnu99;
				GCC_NO_COMMON_BLOCKS = YES;
				GCC_WARN_64_TO_32_BIT_CONVERSION = YES;
				GCC_WARN_ABOUT_RETURN_TYPE = YES_ERROR;
				GCC_WARN_UNDECLARED_SELECTOR = YES;
				GCC_WARN_UNINITIALIZED_AUTOS = YES;
				GCC_WARN_UNUSED_FUNCTION = YES;
				GCC_WARN_UNUSED_VARIABLE = YES;
				IPHONEOS_DEPLOYMENT_TARGET = 8.0;
				SDKROOT = iphoneos;
				SWIFT_COMPILATION_MODE = wholemodule;
				SWIFT_SWIFT3_OBJC_INFERENCE = On;
				TARGETED_DEVICE_FAMILY = "1,2";
				VALIDATE_PRODUCT = YES;
			};
			name = Release;
		};
		27C3BF7418A7140F00C44713 /* Debug */ = {
			isa = XCBuildConfiguration;
			buildSettings = {
				ASSETCATALOG_COMPILER_APPICON_NAME = AppIcon;
				ASSETCATALOG_COMPILER_LAUNCHIMAGE_NAME = LaunchImage;
				CLANG_ENABLE_MODULES = YES;
				CODE_SIGN_IDENTITY = "iPhone Developer";
				"CODE_SIGN_IDENTITY[sdk=iphoneos*]" = "iPhone Developer";
				DEVELOPMENT_TEAM = K83F2KZFM9;
				GCC_PRECOMPILE_PREFIX_HEADER = YES;
				GCC_PREFIX_HEADER = "MTBBarcodeScannerExample/MTBBarcodeScannerExample-Prefix.pch";
				INFOPLIST_FILE = "MTBBarcodeScannerExample/MTBBarcodeScannerExample-Info.plist";
				IPHONEOS_DEPLOYMENT_TARGET = 8.0;
				LD_RUNPATH_SEARCH_PATHS = "$(inherited) @executable_path/Frameworks";
				PRODUCT_BUNDLE_IDENTIFIER = com.mikebuss.MTBBarcodeScannerExample2;
				PRODUCT_NAME = "$(TARGET_NAME)";
				PROVISIONING_PROFILE = "";
				SWIFT_OBJC_BRIDGING_HEADER = "MTBBarcodeScannerExample/MTBBarcodeScannerExample-Bridging-Header.h";
				SWIFT_OPTIMIZATION_LEVEL = "-Onone";
				SWIFT_SWIFT3_OBJC_INFERENCE = On;
				SWIFT_VERSION = 4.2;
				WRAPPER_EXTENSION = app;
			};
			name = Debug;
		};
		27C3BF7518A7140F00C44713 /* Release */ = {
			isa = XCBuildConfiguration;
			buildSettings = {
				ASSETCATALOG_COMPILER_APPICON_NAME = AppIcon;
				ASSETCATALOG_COMPILER_LAUNCHIMAGE_NAME = LaunchImage;
				CLANG_ENABLE_MODULES = YES;
				CODE_SIGN_IDENTITY = "iPhone Developer";
				"CODE_SIGN_IDENTITY[sdk=iphoneos*]" = "iPhone Developer";
				DEVELOPMENT_TEAM = K83F2KZFM9;
				GCC_PRECOMPILE_PREFIX_HEADER = YES;
				GCC_PREFIX_HEADER = "MTBBarcodeScannerExample/MTBBarcodeScannerExample-Prefix.pch";
				INFOPLIST_FILE = "MTBBarcodeScannerExample/MTBBarcodeScannerExample-Info.plist";
				IPHONEOS_DEPLOYMENT_TARGET = 8.0;
				LD_RUNPATH_SEARCH_PATHS = "$(inherited) @executable_path/Frameworks";
				PRODUCT_BUNDLE_IDENTIFIER = com.mikebuss.MTBBarcodeScannerExample2;
				PRODUCT_NAME = "$(TARGET_NAME)";
				PROVISIONING_PROFILE = "";
				SWIFT_OBJC_BRIDGING_HEADER = "MTBBarcodeScannerExample/MTBBarcodeScannerExample-Bridging-Header.h";
				SWIFT_SWIFT3_OBJC_INFERENCE = On;
				SWIFT_VERSION = 4.2;
				WRAPPER_EXTENSION = app;
			};
			name = Release;
		};
		563B26551CD9F96100DE7D8D /* Debug */ = {
			isa = XCBuildConfiguration;
			buildSettings = {
				CLANG_ANALYZER_NONNULL = YES;
				CLANG_WARN_UNREACHABLE_CODE = YES;
				CODE_SIGN_IDENTITY = "";
				"CODE_SIGN_IDENTITY[sdk=iphoneos*]" = "iPhone Developer";
				CURRENT_PROJECT_VERSION = 1;
				DEBUG_INFORMATION_FORMAT = dwarf;
				DEFINES_MODULE = YES;
				DYLIB_COMPATIBILITY_VERSION = 1;
				DYLIB_CURRENT_VERSION = 1;
				DYLIB_INSTALL_NAME_BASE = "@rpath";
				ENABLE_STRICT_OBJC_MSGSEND = YES;
				GCC_NO_COMMON_BLOCKS = YES;
				GCC_WARN_UNINITIALIZED_AUTOS = YES_AGGRESSIVE;
				INFOPLIST_FILE = MTBBarcodeScanner/Info.plist;
				INSTALL_PATH = "$(LOCAL_LIBRARY_DIR)/Frameworks";
				IPHONEOS_DEPLOYMENT_TARGET = 8.0;
				LD_RUNPATH_SEARCH_PATHS = "$(inherited) @executable_path/Frameworks @loader_path/Frameworks";
				MTL_ENABLE_DEBUG_INFO = YES;
				PRODUCT_BUNDLE_IDENTIFIER = com.mikebuss.MTBBarcodeScanner;
				PRODUCT_NAME = "$(TARGET_NAME)";
				SKIP_INSTALL = YES;
				SWIFT_OPTIMIZATION_LEVEL = "-Onone";
				VERSIONING_SYSTEM = "apple-generic";
				VERSION_INFO_PREFIX = "";
			};
			name = Debug;
		};
		563B26561CD9F96100DE7D8D /* Release */ = {
			isa = XCBuildConfiguration;
			buildSettings = {
				CLANG_ANALYZER_NONNULL = YES;
				CLANG_WARN_UNREACHABLE_CODE = YES;
				CODE_SIGN_IDENTITY = "";
				"CODE_SIGN_IDENTITY[sdk=iphoneos*]" = "iPhone Developer";
				COPY_PHASE_STRIP = NO;
				CURRENT_PROJECT_VERSION = 1;
				DEBUG_INFORMATION_FORMAT = "dwarf-with-dsym";
				DEFINES_MODULE = YES;
				DYLIB_COMPATIBILITY_VERSION = 1;
				DYLIB_CURRENT_VERSION = 1;
				DYLIB_INSTALL_NAME_BASE = "@rpath";
				ENABLE_STRICT_OBJC_MSGSEND = YES;
				GCC_NO_COMMON_BLOCKS = YES;
				GCC_WARN_UNINITIALIZED_AUTOS = YES_AGGRESSIVE;
				INFOPLIST_FILE = MTBBarcodeScanner/Info.plist;
				INSTALL_PATH = "$(LOCAL_LIBRARY_DIR)/Frameworks";
				IPHONEOS_DEPLOYMENT_TARGET = 8.0;
				LD_RUNPATH_SEARCH_PATHS = "$(inherited) @executable_path/Frameworks @loader_path/Frameworks";
				MTL_ENABLE_DEBUG_INFO = NO;
				PRODUCT_BUNDLE_IDENTIFIER = com.mikebuss.MTBBarcodeScanner;
				PRODUCT_NAME = "$(TARGET_NAME)";
				SKIP_INSTALL = YES;
				VERSIONING_SYSTEM = "apple-generic";
				VERSION_INFO_PREFIX = "";
			};
			name = Release;
		};
/* End XCBuildConfiguration section */

/* Begin XCConfigurationList section */
		27C3BF3918A7140F00C44713 /* Build configuration list for PBXProject "MTBBarcodeScannerExample" */ = {
			isa = XCConfigurationList;
			buildConfigurations = (
				27C3BF7118A7140F00C44713 /* Debug */,
				27C3BF7218A7140F00C44713 /* Release */,
			);
			defaultConfigurationIsVisible = 0;
			defaultConfigurationName = Release;
		};
		27C3BF7318A7140F00C44713 /* Build configuration list for PBXNativeTarget "MTBBarcodeScannerExample" */ = {
			isa = XCConfigurationList;
			buildConfigurations = (
				27C3BF7418A7140F00C44713 /* Debug */,
				27C3BF7518A7140F00C44713 /* Release */,
			);
			defaultConfigurationIsVisible = 0;
			defaultConfigurationName = Release;
		};
		563B26571CD9F96100DE7D8D /* Build configuration list for PBXNativeTarget "MTBBarcodeScanner" */ = {
			isa = XCConfigurationList;
			buildConfigurations = (
				563B26551CD9F96100DE7D8D /* Debug */,
				563B26561CD9F96100DE7D8D /* Release */,
			);
			defaultConfigurationIsVisible = 0;
			defaultConfigurationName = Release;
		};
/* End XCConfigurationList section */
	};
	rootObject = 27C3BF3618A7140F00C44713 /* Project object */;
}
